
Microsoft Visual Studio Solution File, Format Version 12.00
# Visual Studio Version 17
VisualStudioVersion = 17.2.32505.173
MinimumVisualStudioVersion = 10.0.40219.1
Project("{9A19103F-16F7-4668-BE54-9A1E7A4F7556}") = "Fandoo Notes", "Fandoo Notes\Fandoo Notes.csproj", "{22441FF4-0897-497E-AF14-58F077349D0A}"
EndProject
Project("{9A19103F-16F7-4668-BE54-9A1E7A4F7556}") = "Repository Layer", "Repository Layer\Repository Layer.csproj", "{D41A32EC-5826-4878-AA2E-E3674B5833E1}"
EndProject
Project("{9A19103F-16F7-4668-BE54-9A1E7A4F7556}") = "BussinessLayer", "BussinessLayer\BussinessLayer.csproj", "{43C7965E-1783-4E5F-8574-A1E89A6155E9}"
EndProject
Project("{9A19103F-16F7-4668-BE54-9A1E7A4F7556}") = "DatabaseLayer", "DatabaseLayer\DatabaseLayer.csproj", "{71BF287A-0460-4D69-A091-97E7061F9E58}"
EndProject
Global
	GlobalSection(SolutionConfigurationPlatforms) = preSolution
		Debug|Any CPU = Debug|Any CPU
		Release|Any CPU = Release|Any CPU
	EndGlobalSection
	GlobalSection(ProjectConfigurationPlatforms) = postSolution
		{22441FF4-0897-497E-AF14-58F077349D0A}.Debug|Any CPU.ActiveCfg = Debug|Any CPU
		{22441FF4-0897-497E-AF14-58F077349D0A}.Debug|Any CPU.Build.0 = Debug|Any CPU
		{22441FF4-0897-497E-AF14-58F077349D0A}.Release|Any CPU.ActiveCfg = Release|Any CPU
		{22441FF4-0897-497E-AF14-58F077349D0A}.Release|Any CPU.Build.0 = Release|Any CPU
		{D41A32EC-5826-4878-AA2E-E3674B5833E1}.Debug|Any CPU.ActiveCfg = Debug|Any CPU
		{D41A32EC-5826-4878-AA2E-E3674B5833E1}.Debug|Any CPU.Build.0 = Debug|Any CPU
		{D41A32EC-5826-4878-AA2E-E3674B5833E1}.Release|Any CPU.ActiveCfg = Release|Any CPU
		{D41A32EC-5826-4878-AA2E-E3674B5833E1}.Release|Any CPU.Build.0 = Release|Any CPU
		{43C7965E-1783-4E5F-8574-A1E89A6155E9}.Debug|Any CPU.ActiveCfg = Debug|Any CPU
		{43C7965E-1783-4E5F-8574-A1E89A6155E9}.Debug|Any CPU.Build.0 = Debug|Any CPU
		{43C7965E-1783-4E5F-8574-A1E89A6155E9}.Release|Any CPU.ActiveCfg = Release|Any CPU
		{43C7965E-1783-4E5F-8574-A1E89A6155E9}.Release|Any CPU.Build.0 = Release|Any CPU
		{71BF287A-0460-4D69-A091-97E7061F9E58}.Debug|Any CPU.ActiveCfg = Debug|Any CPU
		{71BF287A-0460-4D69-A091-97E7061F9E58}.Debug|Any CPU.Build.0 = Debug|Any CPU
		{71BF287A-0460-4D69-A091-97E7061F9E58}.Release|Any CPU.ActiveCfg = Release|Any CPU
		{71BF287A-0460-4D69-A091-97E7061F9E58}.Release|Any CPU.Build.0 = Release|Any CPU
	EndGlobalSection
	GlobalSection(SolutionProperties) = preSolution
		HideSolutionNode = FALSE
	EndGlobalSection
	GlobalSection(ExtensibilityGlobals) = postSolution
		SolutionGuid = {D73C53D3-5635-4ABB-A26A-DD0B0F3EAE35}
	EndGlobalSection
EndGlobal
